
Microsoft Visual Studio Solution File, Format Version 12.00
# Visual Studio 15
VisualStudioVersion = 15.0.28307.705
MinimumVisualStudioVersion = 10.0.40219.1
Project("{FAE04EC0-301F-11D3-BF4B-00C04F79EFBC}") = "OOPmultipleImplemantation", "OOPmultipleImplemantation\OOPmultipleImplemantation.csproj", "{BBAC4632-D3F5-4718-A032-E807BA2DE840}"
EndProject
Global
	GlobalSection(SolutionConfigurationPlatforms) = preSolution
		Debug|Any CPU = Debug|Any CPU
		Release|Any CPU = Release|Any CPU
	EndGlobalSection
	GlobalSection(ProjectConfigurationPlatforms) = postSolution
		{BBAC4632-D3F5-4718-A032-E807BA2DE840}.Debug|Any CPU.ActiveCfg = Debug|Any CPU
		{BBAC4632-D3F5-4718-A032-E807BA2DE840}.Debug|Any CPU.Build.0 = Debug|Any CPU
		{BBAC4632-D3F5-4718-A032-E807BA2DE840}.Release|Any CPU.ActiveCfg = Release|Any CPU
		{BBAC4632-D3F5-4718-A032-E807BA2DE840}.Release|Any CPU.Build.0 = Release|Any CPU
	EndGlobalSection
	GlobalSection(SolutionProperties) = preSolution
		HideSolutionNode = FALSE
	EndGlobalSection
	GlobalSection(ExtensibilityGlobals) = postSolution
		SolutionGuid = {C0D0F188-A86B-4995-8A0E-FE1E01869A85}
	EndGlobalSection
EndGlobal
